
Microsoft Visual Studio Solution File, Format Version 12.00
# Visual Studio 2013
VisualStudioVersion = 12.0.31101.0
MinimumVisualStudioVersion = 10.0.40219.1
Project("{FAE04EC0-301F-11D3-BF4B-00C04F79EFBC}") = "CamCampure", "CamCampure\CamCampure.csproj", "{B6F2A561-2359-41D7-BBAB-75BC4707D913}"
EndProject
Global
	GlobalSection(SolutionConfigurationPlatforms) = preSolution
		Debug|Any CPU = Debug|Any CPU
		Release|Any CPU = Release|Any CPU
	EndGlobalSection
	GlobalSection(ProjectConfigurationPlatforms) = postSolution
		{B6F2A561-2359-41D7-BBAB-75BC4707D913}.Debug|Any CPU.ActiveCfg = Debug|Any CPU
		{B6F2A561-2359-41D7-BBAB-75BC4707D913}.Debug|Any CPU.Build.0 = Debug|Any CPU
		{B6F2A561-2359-41D7-BBAB-75BC4707D913}.Release|Any CPU.ActiveCfg = Release|Any CPU
		{B6F2A561-2359-41D7-BBAB-75BC4707D913}.Release|Any CPU.Build.0 = Release|Any CPU
	EndGlobalSection
	GlobalSection(SolutionProperties) = preSolution
		HideSolutionNode = FALSE
	EndGlobalSection
EndGlobal
